
Microsoft Visual Studio Solution File, Format Version 12.00
# Visual Studio Version 16
VisualStudioVersion = 16.0.30114.105
MinimumVisualStudioVersion = 10.0.40219.1
Project("{FAE04EC0-301F-11D3-BF4B-00C04F79EFBC}") = "API", "API\API.csproj", "{F4A583C8-391E-4144-A827-8536FA834DD6}"
EndProject
Project("{FAE04EC0-301F-11D3-BF4B-00C04F79EFBC}") = "Application", "Application\Application.csproj", "{9D27D6C6-DF5B-4F01-B5DD-9C69E6232134}"
EndProject
Project("{FAE04EC0-301F-11D3-BF4B-00C04F79EFBC}") = "Domain", "Domain\Domain.csproj", "{6858847A-526A-42E8-AF03-D9163CC8FBDC}"
EndProject
Project("{FAE04EC0-301F-11D3-BF4B-00C04F79EFBC}") = "Persistence", "Persistence\Persistence.csproj", "{64241259-8F4D-40C8-87F6-D5FBC99017EF}"
EndProject
Global
	GlobalSection(SolutionConfigurationPlatforms) = preSolution
		Debug|Any CPU = Debug|Any CPU
		Debug|x64 = Debug|x64
		Debug|x86 = Debug|x86
		Release|Any CPU = Release|Any CPU
		Release|x64 = Release|x64
		Release|x86 = Release|x86
	EndGlobalSection
	GlobalSection(SolutionProperties) = preSolution
		HideSolutionNode = FALSE
	EndGlobalSection
	GlobalSection(ProjectConfigurationPlatforms) = postSolution
		{F4A583C8-391E-4144-A827-8536FA834DD6}.Debug|Any CPU.ActiveCfg = Debug|Any CPU
		{F4A583C8-391E-4144-A827-8536FA834DD6}.Debug|Any CPU.Build.0 = Debug|Any CPU
		{F4A583C8-391E-4144-A827-8536FA834DD6}.Debug|x64.ActiveCfg = Debug|Any CPU
		{F4A583C8-391E-4144-A827-8536FA834DD6}.Debug|x64.Build.0 = Debug|Any CPU
		{F4A583C8-391E-4144-A827-8536FA834DD6}.Debug|x86.ActiveCfg = Debug|Any CPU
		{F4A583C8-391E-4144-A827-8536FA834DD6}.Debug|x86.Build.0 = Debug|Any CPU
		{F4A583C8-391E-4144-A827-8536FA834DD6}.Release|Any CPU.ActiveCfg = Release|Any CPU
		{F4A583C8-391E-4144-A827-8536FA834DD6}.Release|Any CPU.Build.0 = Release|Any CPU
		{F4A583C8-391E-4144-A827-8536FA834DD6}.Release|x64.ActiveCfg = Release|Any CPU
		{F4A583C8-391E-4144-A827-8536FA834DD6}.Release|x64.Build.0 = Release|Any CPU
		{F4A583C8-391E-4144-A827-8536FA834DD6}.Release|x86.ActiveCfg = Release|Any CPU
		{F4A583C8-391E-4144-A827-8536FA834DD6}.Release|x86.Build.0 = Release|Any CPU
		{9D27D6C6-DF5B-4F01-B5DD-9C69E6232134}.Debug|Any CPU.ActiveCfg = Debug|Any CPU
		{9D27D6C6-DF5B-4F01-B5DD-9C69E6232134}.Debug|Any CPU.Build.0 = Debug|Any CPU
		{9D27D6C6-DF5B-4F01-B5DD-9C69E6232134}.Debug|x64.ActiveCfg = Debug|Any CPU
		{9D27D6C6-DF5B-4F01-B5DD-9C69E6232134}.Debug|x64.Build.0 = Debug|Any CPU
		{9D27D6C6-DF5B-4F01-B5DD-9C69E6232134}.Debug|x86.ActiveCfg = Debug|Any CPU
		{9D27D6C6-DF5B-4F01-B5DD-9C69E6232134}.Debug|x86.Build.0 = Debug|Any CPU
		{9D27D6C6-DF5B-4F01-B5DD-9C69E6232134}.Release|Any CPU.ActiveCfg = Release|Any CPU
		{9D27D6C6-DF5B-4F01-B5DD-9C69E6232134}.Release|Any CPU.Build.0 = Release|Any CPU
		{9D27D6C6-DF5B-4F01-B5DD-9C69E6232134}.Release|x64.ActiveCfg = Release|Any CPU
		{9D27D6C6-DF5B-4F01-B5DD-9C69E6232134}.Release|x64.Build.0 = Release|Any CPU
		{9D27D6C6-DF5B-4F01-B5DD-9C69E6232134}.Release|x86.ActiveCfg = Release|Any CPU
		{9D27D6C6-DF5B-4F01-B5DD-9C69E6232134}.Release|x86.Build.0 = Release|Any CPU
		{6858847A-526A-42E8-AF03-D9163CC8FBDC}.Debug|Any CPU.ActiveCfg = Debug|Any CPU
		{6858847A-526A-42E8-AF03-D9163CC8FBDC}.Debug|Any CPU.Build.0 = Debug|Any CPU
		{6858847A-526A-42E8-AF03-D9163CC8FBDC}.Debug|x64.ActiveCfg = Debug|Any CPU
		{6858847A-526A-42E8-AF03-D9163CC8FBDC}.Debug|x64.Build.0 = Debug|Any CPU
		{6858847A-526A-42E8-AF03-D9163CC8FBDC}.Debug|x86.ActiveCfg = Debug|Any CPU
		{6858847A-526A-42E8-AF03-D9163CC8FBDC}.Debug|x86.Build.0 = Debug|Any CPU
		{6858847A-526A-42E8-AF03-D9163CC8FBDC}.Release|Any CPU.ActiveCfg = Release|Any CPU
		{6858847A-526A-42E8-AF03-D9163CC8FBDC}.Release|Any CPU.Build.0 = Release|Any CPU
		{6858847A-526A-42E8-AF03-D9163CC8FBDC}.Release|x64.ActiveCfg = Release|Any CPU
		{6858847A-526A-42E8-AF03-D9163CC8FBDC}.Release|x64.Build.0 = Release|Any CPU
		{6858847A-526A-42E8-AF03-D9163CC8FBDC}.Release|x86.ActiveCfg = Release|Any CPU
		{6858847A-526A-42E8-AF03-D9163CC8FBDC}.Release|x86.Build.0 = Release|Any CPU
		{64241259-8F4D-40C8-87F6-D5FBC99017EF}.Debug|Any CPU.ActiveCfg = Debug|Any CPU
		{64241259-8F4D-40C8-87F6-D5FBC99017EF}.Debug|Any CPU.Build.0 = Debug|Any CPU
		{64241259-8F4D-40C8-87F6-D5FBC99017EF}.Debug|x64.ActiveCfg = Debug|Any CPU
		{64241259-8F4D-40C8-87F6-D5FBC99017EF}.Debug|x64.Build.0 = Debug|Any CPU
		{64241259-8F4D-40C8-87F6-D5FBC99017EF}.Debug|x86.ActiveCfg = Debug|Any CPU
		{64241259-8F4D-40C8-87F6-D5FBC99017EF}.Debug|x86.Build.0 = Debug|Any CPU
		{64241259-8F4D-40C8-87F6-D5FBC99017EF}.Release|Any CPU.ActiveCfg = Release|Any CPU
		{64241259-8F4D-40C8-87F6-D5FBC99017EF}.Release|Any CPU.Build.0 = Release|Any CPU
		{64241259-8F4D-40C8-87F6-D5FBC99017EF}.Release|x64.ActiveCfg = Release|Any CPU
		{64241259-8F4D-40C8-87F6-D5FBC99017EF}.Release|x64.Build.0 = Release|Any CPU
		{64241259-8F4D-40C8-87F6-D5FBC99017EF}.Release|x86.ActiveCfg = Release|Any CPU
		{64241259-8F4D-40C8-87F6-D5FBC99017EF}.Release|x86.Build.0 = Release|Any CPU
	EndGlobalSection
EndGlobal
